// !$*UTF8*$!
{
	archiveVersion = 1;
	classes = {
	};
	objectVersion = 50;
	objects = {

/* Begin PBXBuildFile section */
		6576E0DE2C8C86CF00EA5389 /* CustomTabBar.swift in Sources */ = {isa = PBXBuildFile; fileRef = 6576E0DD2C8C86CF00EA5389 /* CustomTabBar.swift */; };
		65B95C1C2C8C00A900171C58 /* AppDelegate.swift in Sources */ = {isa = PBXBuildFile; fileRef = 65B95C1B2C8C00A900171C58 /* AppDelegate.swift */; };
		65B95C1E2C8C00A900171C58 /* SceneDelegate.swift in Sources */ = {isa = PBXBuildFile; fileRef = 65B95C1D2C8C00A900171C58 /* SceneDelegate.swift */; };
		65B95C202C8C00A900171C58 /* ViewController.swift in Sources */ = {isa = PBXBuildFile; fileRef = 65B95C1F2C8C00A900171C58 /* ViewController.swift */; };
		65B95C232C8C00A900171C58 /* Main.storyboard in Resources */ = {isa = PBXBuildFile; fileRef = 65B95C212C8C00A900171C58 /* Main.storyboard */; };
		65B95C262C8C00A900171C58 /* expense_mgt.xcdatamodeld in Sources */ = {isa = PBXBuildFile; fileRef = 65B95C242C8C00A900171C58 /* expense_mgt.xcdatamodeld */; };
		65B95C282C8C00AC00171C58 /* Assets.xcassets in Resources */ = {isa = PBXBuildFile; fileRef = 65B95C272C8C00AC00171C58 /* Assets.xcassets */; };
		65B95C2B2C8C00AC00171C58 /* LaunchScreen.storyboard in Resources */ = {isa = PBXBuildFile; fileRef = 65B95C292C8C00AC00171C58 /* LaunchScreen.storyboard */; };
		65B95C352C8C056100171C58 /* custom_tabBarController.swift in Sources */ = {isa = PBXBuildFile; fileRef = 65B95C342C8C056100171C58 /* custom_tabBarController.swift */; };
/* End PBXBuildFile section */

/* Begin PBXFileReference section */
		6576E0DD2C8C86CF00EA5389 /* CustomTabBar.swift */ = {isa = PBXFileReference; lastKnownFileType = sourcecode.swift; path = CustomTabBar.swift; sourceTree = "<group>"; };
		65B95C182C8C00A900171C58 /* expense mgt.app */ = {isa = PBXFileReference; explicitFileType = wrapper.application; includeInIndex = 0; path = "expense mgt.app"; sourceTree = BUILT_PRODUCTS_DIR; };
		65B95C1B2C8C00A900171C58 /* AppDelegate.swift */ = {isa = PBXFileReference; lastKnownFileType = sourcecode.swift; path = AppDelegate.swift; sourceTree = "<group>"; };
		65B95C1D2C8C00A900171C58 /* SceneDelegate.swift */ = {isa = PBXFileReference; lastKnownFileType = sourcecode.swift; path = SceneDelegate.swift; sourceTree = "<group>"; };
		65B95C1F2C8C00A900171C58 /* ViewController.swift */ = {isa = PBXFileReference; lastKnownFileType = sourcecode.swift; path = ViewController.swift; sourceTree = "<group>"; };
		65B95C222C8C00A900171C58 /* Base */ = {isa = PBXFileReference; lastKnownFileType = file.storyboard; name = Base; path = Base.lproj/Main.storyboard; sourceTree = "<group>"; };
		65B95C252C8C00A900171C58 /* expense_mgt.xcdatamodel */ = {isa = PBXFileReference; lastKnownFileType = wrapper.xcdatamodel; path = expense_mgt.xcdatamodel; sourceTree = "<group>"; };
		65B95C272C8C00AC00171C58 /* Assets.xcassets */ = {isa = PBXFileReference; lastKnownFileType = folder.assetcatalog; path = Assets.xcassets; sourceTree = "<group>"; };
		65B95C2A2C8C00AC00171C58 /* Base */ = {isa = PBXFileReference; lastKnownFileType = file.storyboard; name = Base; path = Base.lproj/LaunchScreen.storyboard; sourceTree = "<group>"; };
		65B95C2C2C8C00AC00171C58 /* Info.plist */ = {isa = PBXFileReference; lastKnownFileType = text.plist.xml; path = Info.plist; sourceTree = "<group>"; };
		65B95C342C8C056100171C58 /* custom_tabBarController.swift */ = {isa = PBXFileReference; lastKnownFileType = sourcecode.swift; path = custom_tabBarController.swift; sourceTree = "<group>"; };
/* End PBXFileReference section */

/* Begin PBXFrameworksBuildPhase section */
		65B95C152C8C00A900171C58 /* Frameworks */ = {
			isa = PBXFrameworksBuildPhase;
			buildActionMask = 2147483647;
			files = (
			);
			runOnlyForDeploymentPostprocessing = 0;
		};
/* End PBXFrameworksBuildPhase section */

/* Begin PBXGroup section */
		65B95C0F2C8C00A900171C58 = {
			isa = PBXGroup;
			children = (
				65B95C1A2C8C00A900171C58 /* expense mgt */,
				65B95C192C8C00A900171C58 /* Products */,
			);
			sourceTree = "<group>";
		};
		65B95C192C8C00A900171C58 /* Products */ = {
			isa = PBXGroup;
			children = (
				65B95C182C8C00A900171C58 /* expense mgt.app */,
			);
			name = Products;
			sourceTree = "<group>";
		};
		65B95C1A2C8C00A900171C58 /* expense mgt */ = {
			isa = PBXGroup;
			children = (
				65B95C332C8C052800171C58 /* Tab bar */,
				65B95C1B2C8C00A900171C58 /* AppDelegate.swift */,
				65B95C1D2C8C00A900171C58 /* SceneDelegate.swift */,
				65B95C1F2C8C00A900171C58 /* ViewController.swift */,
				65B95C212C8C00A900171C58 /* Main.storyboard */,
				65B95C272C8C00AC00171C58 /* Assets.xcassets */,
				65B95C292C8C00AC00171C58 /* LaunchScreen.storyboard */,
				65B95C2C2C8C00AC00171C58 /* Info.plist */,
				65B95C242C8C00A900171C58 /* expense_mgt.xcdatamodeld */,
			);
			path = "expense mgt";
			sourceTree = "<group>";
		};
		65B95C332C8C052800171C58 /* Tab bar */ = {
			isa = PBXGroup;
			children = (
				65B95C342C8C056100171C58 /* custom_tabBarController.swift */,
				6576E0DD2C8C86CF00EA5389 /* CustomTabBar.swift */,
			);
			path = "Tab bar";
			sourceTree = "<group>";
		};
/* End PBXGroup section */

/* Begin PBXNativeTarget section */
		65B95C172C8C00A900171C58 /* expense mgt */ = {
			isa = PBXNativeTarget;
			buildConfigurationList = 65B95C2F2C8C00AC00171C58 /* Build configuration list for PBXNativeTarget "expense mgt" */;
			buildPhases = (
				65B95C142C8C00A900171C58 /* Sources */,
				65B95C152C8C00A900171C58 /* Frameworks */,
				65B95C162C8C00A900171C58 /* Resources */,
			);
			buildRules = (
			);
			dependencies = (
			);
			name = "expense mgt";
			productName = "expense mgt";
			productReference = 65B95C182C8C00A900171C58 /* expense mgt.app */;
			productType = "com.apple.product-type.application";
		};
/* End PBXNativeTarget section */

/* Begin PBXProject section */
		65B95C102C8C00A900171C58 /* Project object */ = {
			isa = PBXProject;
			attributes = {
				LastSwiftUpdateCheck = 1240;
				LastUpgradeCheck = 1240;
				TargetAttributes = {
					65B95C172C8C00A900171C58 = {
						CreatedOnToolsVersion = 12.4;
					};
				};
			};
			buildConfigurationList = 65B95C132C8C00A900171C58 /* Build configuration list for PBXProject "expense mgt" */;
			compatibilityVersion = "Xcode 9.3";
			developmentRegion = en;
			hasScannedForEncodings = 0;
			knownRegions = (
				en,
				Base,
			);
			mainGroup = 65B95C0F2C8C00A900171C58;
			productRefGroup = 65B95C192C8C00A900171C58 /* Products */;
			projectDirPath = "";
			projectRoot = "";
			targets = (
				65B95C172C8C00A900171C58 /* expense mgt */,
			);
		};
/* End PBXProject section */

/* Begin PBXResourcesBuildPhase section */
		65B95C162C8C00A900171C58 /* Resources */ = {
			isa = PBXResourcesBuildPhase;
			buildActionMask = 2147483647;
			files = (
				65B95C2B2C8C00AC00171C58 /* LaunchScreen.storyboard in Resources */,
				65B95C282C8C00AC00171C58 /* Assets.xcassets in Resources */,
				65B95C232C8C00A900171C58 /* Main.storyboard in Resources */,
			);
			runOnlyForDeploymentPostprocessing = 0;
		};
/* End PBXResourcesBuildPhase section */

/* Begin PBXSourcesBuildPhase section */
		65B95C142C8C00A900171C58 /* Sources */ = {
			isa = PBXSourcesBuildPhase;
			buildActionMask = 2147483647;
			files = (
				65B95C202C8C00A900171C58 /* ViewController.swift in Sources */,
				65B95C352C8C056100171C58 /* custom_tabBarController.swift in Sources */,
				65B95C1C2C8C00A900171C58 /* AppDelegate.swift in Sources */,
				65B95C1E2C8C00A900171C58 /* SceneDelegate.swift in Sources */,
				6576E0DE2C8C86CF00EA5389 /* CustomTabBar.swift in Sources */,
				65B95C262C8C00A900171C58 /* expense_mgt.xcdatamodeld in Sources */,
			);
			runOnlyForDeploymentPostprocessing = 0;
		};
/* End PBXSourcesBuildPhase section */

/* Begin PBXVariantGroup section */
		65B95C212C8C00A900171C58 /* Main.storyboard */ = {
			isa = PBXVariantGroup;
			children = (
				65B95C222C8C00A900171C58 /* Base */,
			);
			name = Main.storyboard;
			sourceTree = "<group>";
		};
		65B95C292C8C00AC00171C58 /* LaunchScreen.storyboard */ = {
			isa = PBXVariantGroup;
			children = (
				65B95C2A2C8C00AC00171C58 /* Base */,
			);
			name = LaunchScreen.storyboard;
			sourceTree = "<group>";
		};
/* End PBXVariantGroup section */

/* Begin XCBuildConfiguration section */
		65B95C2D2C8C00AC00171C58 /* Debug */ = {
			isa = XCBuildConfiguration;
			buildSettings = {
				ALWAYS_SEARCH_USER_PATHS = NO;
				CLANG_ANALYZER_NONNULL = YES;
				CLANG_ANALYZER_NUMBER_OBJECT_CONVERSION = YES_AGGRESSIVE;
				CLANG_CXX_LANGUAGE_STANDARD = "gnu++14";
				CLANG_CXX_LIBRARY = "libc++";
				CLANG_ENABLE_MODULES = YES;
				CLANG_ENABLE_OBJC_ARC = YES;
				CLANG_ENABLE_OBJC_WEAK = YES;
				CLANG_WARN_BLOCK_CAPTURE_AUTORELEASING = YES;
				CLANG_WARN_BOOL_CONVERSION = YES;
				CLANG_WARN_COMMA = YES;
				CLANG_WARN_CONSTANT_CONVERSION = YES;
				CLANG_WARN_DEPRECATED_OBJC_IMPLEMENTATIONS = YES;
				CLANG_WARN_DIRECT_OBJC_ISA_USAGE = YES_ERROR;
				CLANG_WARN_DOCUMENTATION_COMMENTS = YES;
				CLANG_WARN_EMPTY_BODY = YES;
				CLANG_WARN_ENUM_CONVERSION = YES;
				CLANG_WARN_INFINITE_RECURSION = YES;
				CLANG_WARN_INT_CONVERSION = YES;
				CLANG_WARN_NON_LITERAL_NULL_CONVERSION = YES;
				CLANG_WARN_OBJC_IMPLICIT_RETAIN_SELF = YES;
				CLANG_WARN_OBJC_LITERAL_CONVERSION = YES;
				CLANG_WARN_OBJC_ROOT_CLASS = YES_ERROR;
				CLANG_WARN_QUOTED_INCLUDE_IN_FRAMEWORK_HEADER = YES;
				CLANG_WARN_RANGE_LOOP_ANALYSIS = YES;
				CLANG_WARN_STRICT_PROTOTYPES = YES;
				CLANG_WARN_SUSPICIOUS_MOVE = YES;
				CLANG_WARN_UNGUARDED_AVAILABILITY = YES_AGGRESSIVE;
				CLANG_WARN_UNREACHABLE_CODE = YES;
				CLANG_WARN__DUPLICATE_METHOD_MATCH = YES;
				COPY_PHASE_STRIP = NO;
				DEBUG_INFORMATION_FORMAT = dwarf;
				ENABLE_STRICT_OBJC_MSGSEND = YES;
				ENABLE_TESTABILITY = YES;
				GCC_C_LANGUAGE_STANDARD = gnu11;
				GCC_DYNAMIC_NO_PIC = NO;
				GCC_NO_COMMON_BLOCKS = YES;
				GCC_OPTIMIZATION_LEVEL = 0;
				GCC_PREPROCESSOR_DEFINITIONS = (
					"DEBUG=1",
					"$(inherited)",
				);
				GCC_WARN_64_TO_32_BIT_CONVERSION = YES;
				GCC_WARN_ABOUT_RETURN_TYPE = YES_ERROR;
				GCC_WARN_UNDECLARED_SELECTOR = YES;
				GCC_WARN_UNINITIALIZED_AUTOS = YES_AGGRESSIVE;
				GCC_WARN_UNUSED_FUNCTION = YES;
				GCC_WARN_UNUSED_VARIABLE = YES;
				IPHONEOS_DEPLOYMENT_TARGET = 14.4;
				MTL_ENABLE_DEBUG_INFO = INCLUDE_SOURCE;
				MTL_FAST_MATH = YES;
				ONLY_ACTIVE_ARCH = YES;
				SDKROOT = iphoneos;
				SWIFT_ACTIVE_COMPILATION_CONDITIONS = DEBUG;
				SWIFT_OPTIMIZATION_LEVEL = "-Onone";
			};
			name = Debug;
		};
		65B95C2E2C8C00AC00171C58 /* Release */ = {
			isa = XCBuildConfiguration;
			buildSettings = {
				ALWAYS_SEARCH_USER_PATHS = NO;
				CLANG_ANALYZER_NONNULL = YES;
				CLANG_ANALYZER_NUMBER_OBJECT_CONVERSION = YES_AGGRESSIVE;
				CLANG_CXX_LANGUAGE_STANDARD = "gnu++14";
				CLANG_CXX_LIBRARY = "libc++";
				CLANG_ENABLE_MODULES = YES;
				CLANG_ENABLE_OBJC_ARC = YES;
				CLANG_ENABLE_OBJC_WEAK = YES;
				CLANG_WARN_BLOCK_CAPTURE_AUTORELEASING = YES;
				CLANG_WARN_BOOL_CONVERSION = YES;
				CLANG_WARN_COMMA = YES;
				CLANG_WARN_CONSTANT_CONVERSION = YES;
				CLANG_WARN_DEPRECATED_OBJC_IMPLEMENTATIONS = YES;
				CLANG_WARN_DIRECT_OBJC_ISA_USAGE = YES_ERROR;
				CLANG_WARN_DOCUMENTATION_COMMENTS = YES;
				CLANG_WARN_EMPTY_BODY = YES;
				CLANG_WARN_ENUM_CONVERSION = YES;
				CLANG_WARN_INFINITE_RECURSION = YES;
				CLANG_WARN_INT_CONVERSION = YES;
				CLANG_WARN_NON_LITERAL_NULL_CONVERSION = YES;
				CLANG_WARN_OBJC_IMPLICIT_RETAIN_SELF = YES;
				CLANG_WARN_OBJC_LITERAL_CONVERSION = YES;
				CLANG_WARN_OBJC_ROOT_CLASS = YES_ERROR;
				CLANG_WARN_QUOTED_INCLUDE_IN_FRAMEWORK_HEADER = YES;
				CLANG_WARN_RANGE_LOOP_ANALYSIS = YES;
				CLANG_WARN_STRICT_PROTOTYPES = YES;
				CLANG_WARN_SUSPICIOUS_MOVE = YES;
				CLANG_WARN_UNGUARDED_AVAILABILITY = YES_AGGRESSIVE;
				CLANG_WARN_UNREACHABLE_CODE = YES;
				CLANG_WARN__DUPLICATE_METHOD_MATCH = YES;
				COPY_PHASE_STRIP = NO;
				DEBUG_INFORMATION_FORMAT = "dwarf-with-dsym";
				ENABLE_NS_ASSERTIONS = NO;
				ENABLE_STRICT_OBJC_MSGSEND = YES;
				GCC_C_LANGUAGE_STANDARD = gnu11;
				GCC_NO_COMMON_BLOCKS = YES;
				GCC_WARN_64_TO_32_BIT_CONVERSION = YES;
				GCC_WARN_ABOUT_RETURN_TYPE = YES_ERROR;
				GCC_WARN_UNDECLARED_SELECTOR = YES;
				GCC_WARN_UNINITIALIZED_AUTOS = YES_AGGRESSIVE;
				GCC_WARN_UNUSED_FUNCTION = YES;
				GCC_WARN_UNUSED_VARIABLE = YES;
				IPHONEOS_DEPLOYMENT_TARGET = 14.4;
				MTL_ENABLE_DEBUG_INFO = NO;
				MTL_FAST_MATH = YES;
				SDKROOT = iphoneos;
				SWIFT_COMPILATION_MODE = wholemodule;
				SWIFT_OPTIMIZATION_LEVEL = "-O";
				VALIDATE_PRODUCT = YES;
			};
			name = Release;
		};
		65B95C302C8C00AC00171C58 /* Debug */ = {
			isa = XCBuildConfiguration;
			buildSettings = {
				ASSETCATALOG_COMPILER_APPICON_NAME = AppIcon;
				ASSETCATALOG_COMPILER_GLOBAL_ACCENT_COLOR_NAME = AccentColor;
				CODE_SIGN_STYLE = Automatic;
				DEVELOPMENT_TEAM = SNQ78848GL;
				INFOPLIST_FILE = "expense mgt/Info.plist";
				LD_RUNPATH_SEARCH_PATHS = (
					"$(inherited)",
					"@executable_path/Frameworks",
				);
				PRODUCT_BUNDLE_IDENTIFIER = "com.am.test.expense-mgt";
				PRODUCT_NAME = "$(TARGET_NAME)";
				SWIFT_VERSION = 5.0;
				TARGETED_DEVICE_FAMILY = "1,2";
			};
			name = Debug;
		};
		65B95C312C8C00AC00171C58 /* Release */ = {
			isa = XCBuildConfiguration;
			buildSettings = {
				ASSETCATALOG_COMPILER_APPICON_NAME = AppIcon;
				ASSETCATALOG_COMPILER_GLOBAL_ACCENT_COLOR_NAME = AccentColor;
				CODE_SIGN_STYLE = Automatic;
				DEVELOPMENT_TEAM = SNQ78848GL;
				INFOPLIST_FILE = "expense mgt/Info.plist";
				LD_RUNPATH_SEARCH_PATHS = (
					"$(inherited)",
					"@executable_path/Frameworks",
				);
				PRODUCT_BUNDLE_IDENTIFIER = "com.am.test.expense-mgt";
				PRODUCT_NAME = "$(TARGET_NAME)";
				SWIFT_VERSION = 5.0;
				TARGETED_DEVICE_FAMILY = "1,2";
			};
			name = Release;
		};
/* End XCBuildConfiguration section */

/* Begin XCConfigurationList section */
		65B95C132C8C00A900171C58 /* Build configuration list for PBXProject "expense mgt" */ = {
			isa = XCConfigurationList;
			buildConfigurations = (
				65B95C2D2C8C00AC00171C58 /* Debug */,
				65B95C2E2C8C00AC00171C58 /* Release */,
			);
			defaultConfigurationIsVisible = 0;
			defaultConfigurationName = Release;
		};
		65B95C2F2C8C00AC00171C58 /* Build configuration list for PBXNativeTarget "expense mgt" */ = {
			isa = XCConfigurationList;
			buildConfigurations = (
				65B95C302C8C00AC00171C58 /* Debug */,
				65B95C312C8C00AC00171C58 /* Release */,
			);
			defaultConfigurationIsVisible = 0;
			defaultConfigurationName = Release;
		};
/* End XCConfigurationList section */

/* Begin XCVersionGroup section */
		65B95C242C8C00A900171C58 /* expense_mgt.xcdatamodeld */ = {
			isa = XCVersionGroup;
			children = (
				65B95C252C8C00A900171C58 /* expense_mgt.xcdatamodel */,
			);
			currentVersion = 65B95C252C8C00A900171C58 /* expense_mgt.xcdatamodel */;
			path = expense_mgt.xcdatamodeld;
			sourceTree = "<group>";
			versionGroupType = wrapper.xcdatamodel;
		};
/* End XCVersionGroup section */
	};
	rootObject = 65B95C102C8C00A900171C58 /* Project object */;
}
